
Microsoft Visual Studio Solution File, Format Version 12.00
# Visual Studio Version 16
VisualStudioVersion = 16.0.31410.357
MinimumVisualStudioVersion = 10.0.40219.1
Project("{FAE04EC0-301F-11D3-BF4B-00C04F79EFBC}") = "HW03.Operators(T1-4)", "HW03.Operators\HW03.Operators(T1-4).csproj", "{F0CEEFAB-EC45-462D-AF03-F83C5D3480BA}"
EndProject
Project("{FAE04EC0-301F-11D3-BF4B-00C04F79EFBC}") = "HW03.ReverseAlphabet(T5)", "HW03.ReverseAlphabet\HW03.ReverseAlphabet(T5).csproj", "{966D4B54-3A5D-4296-B832-6EA1F6B9C864}"
EndProject
Project("{FAE04EC0-301F-11D3-BF4B-00C04F79EFBC}") = "HW03.GameMovement(T6)", "HW03.GameMovement(T6)\HW03.GameMovement(T6).csproj", "{81CDB8CB-7BB7-4BA3-8D16-10ACC4E1B87F}"
EndProject
Project("{FAE04EC0-301F-11D3-BF4B-00C04F79EFBC}") = "HW03.Birthday(T7)", "HW03.Birthday\HW03.Birthday(T7).csproj", "{5B071002-7EFE-4810-AC8F-D2D01AFB19AE}"
EndProject
Project("{FAE04EC0-301F-11D3-BF4B-00C04F79EFBC}") = "HW03.Calculator(T9)", "HW03.Calculator(T9)\HW03.Calculator(T9).csproj", "{10354726-4674-4CAC-837E-942C47FB8D60}"
EndProject
Project("{2150E333-8FDC-42A3-9474-1A3956D46DE8}") = "Documents", "Documents", "{10E9D393-2846-4D8B-8DD1-9643D148FEF5}"
	ProjectSection(SolutionItems) = preProject
		C:\Users\Khodz\OneDrive\Desktop\Parse.pdf = C:\Users\Khodz\OneDrive\Desktop\Parse.pdf
	EndProjectSection
EndProject
Global
	GlobalSection(SolutionConfigurationPlatforms) = preSolution
		Debug|Any CPU = Debug|Any CPU
		Release|Any CPU = Release|Any CPU
	EndGlobalSection
	GlobalSection(ProjectConfigurationPlatforms) = postSolution
		{F0CEEFAB-EC45-462D-AF03-F83C5D3480BA}.Debug|Any CPU.ActiveCfg = Debug|Any CPU
		{F0CEEFAB-EC45-462D-AF03-F83C5D3480BA}.Debug|Any CPU.Build.0 = Debug|Any CPU
		{F0CEEFAB-EC45-462D-AF03-F83C5D3480BA}.Release|Any CPU.ActiveCfg = Release|Any CPU
		{F0CEEFAB-EC45-462D-AF03-F83C5D3480BA}.Release|Any CPU.Build.0 = Release|Any CPU
		{966D4B54-3A5D-4296-B832-6EA1F6B9C864}.Debug|Any CPU.ActiveCfg = Debug|Any CPU
		{966D4B54-3A5D-4296-B832-6EA1F6B9C864}.Debug|Any CPU.Build.0 = Debug|Any CPU
		{966D4B54-3A5D-4296-B832-6EA1F6B9C864}.Release|Any CPU.ActiveCfg = Release|Any CPU
		{966D4B54-3A5D-4296-B832-6EA1F6B9C864}.Release|Any CPU.Build.0 = Release|Any CPU
		{81CDB8CB-7BB7-4BA3-8D16-10ACC4E1B87F}.Debug|Any CPU.ActiveCfg = Debug|Any CPU
		{81CDB8CB-7BB7-4BA3-8D16-10ACC4E1B87F}.Debug|Any CPU.Build.0 = Debug|Any CPU
		{81CDB8CB-7BB7-4BA3-8D16-10ACC4E1B87F}.Release|Any CPU.ActiveCfg = Release|Any CPU
		{81CDB8CB-7BB7-4BA3-8D16-10ACC4E1B87F}.Release|Any CPU.Build.0 = Release|Any CPU
		{5B071002-7EFE-4810-AC8F-D2D01AFB19AE}.Debug|Any CPU.ActiveCfg = Debug|Any CPU
		{5B071002-7EFE-4810-AC8F-D2D01AFB19AE}.Debug|Any CPU.Build.0 = Debug|Any CPU
		{5B071002-7EFE-4810-AC8F-D2D01AFB19AE}.Release|Any CPU.ActiveCfg = Release|Any CPU
		{5B071002-7EFE-4810-AC8F-D2D01AFB19AE}.Release|Any CPU.Build.0 = Release|Any CPU
		{10354726-4674-4CAC-837E-942C47FB8D60}.Debug|Any CPU.ActiveCfg = Debug|Any CPU
		{10354726-4674-4CAC-837E-942C47FB8D60}.Debug|Any CPU.Build.0 = Debug|Any CPU
		{10354726-4674-4CAC-837E-942C47FB8D60}.Release|Any CPU.ActiveCfg = Release|Any CPU
		{10354726-4674-4CAC-837E-942C47FB8D60}.Release|Any CPU.Build.0 = Release|Any CPU
	EndGlobalSection
	GlobalSection(SolutionProperties) = preSolution
		HideSolutionNode = FALSE
	EndGlobalSection
	GlobalSection(ExtensibilityGlobals) = postSolution
		SolutionGuid = {E7E4ACBC-1AD4-427E-BD76-61E4865162F7}
	EndGlobalSection
EndGlobal
