
Microsoft Visual Studio Solution File, Format Version 12.00
# Visual Studio Version 16
VisualStudioVersion = 16.0.31410.357
MinimumVisualStudioVersion = 10.0.40219.1
Project("{FAE04EC0-301F-11D3-BF4B-00C04F79EFBC}") = "HW04", "HW04\HW04.csproj", "{DA5A58B5-FB47-4672-A8AB-0EA89F86ACCE}"
EndProject
Global
	GlobalSection(SolutionConfigurationPlatforms) = preSolution
		Debug|Any CPU = Debug|Any CPU
		Release|Any CPU = Release|Any CPU
	EndGlobalSection
	GlobalSection(ProjectConfigurationPlatforms) = postSolution
		{DA5A58B5-FB47-4672-A8AB-0EA89F86ACCE}.Debug|Any CPU.ActiveCfg = Debug|Any CPU
		{DA5A58B5-FB47-4672-A8AB-0EA89F86ACCE}.Debug|Any CPU.Build.0 = Debug|Any CPU
		{DA5A58B5-FB47-4672-A8AB-0EA89F86ACCE}.Release|Any CPU.ActiveCfg = Release|Any CPU
		{DA5A58B5-FB47-4672-A8AB-0EA89F86ACCE}.Release|Any CPU.Build.0 = Release|Any CPU
	EndGlobalSection
	GlobalSection(SolutionProperties) = preSolution
		HideSolutionNode = FALSE
	EndGlobalSection
	GlobalSection(ExtensibilityGlobals) = postSolution
		SolutionGuid = {F102CD5F-987F-40B0-B097-EDC2E6098233}
	EndGlobalSection
EndGlobal
